
Microsoft Visual Studio Solution File, Format Version 12.00
# Visual Studio 15
VisualStudioVersion = 15.0.28010.2046
MinimumVisualStudioVersion = 10.0.40219.1
Project("{9A19103F-16F7-4668-BE54-9A1E7A4F7556}") = "GruntiMaps.Website", "GruntiMaps.Website\GruntiMaps.Website.csproj", "{7E81FD12-76ED-4473-ABB3-299B17C2E06B}"
EndProject
Project("{9A19103F-16F7-4668-BE54-9A1E7A4F7556}") = "GruntiMaps.WebAPI", "GruntiMaps.WebAPI\GruntiMaps.WebAPI.csproj", "{C75119F3-483A-47AD-91C3-4557CDA14A87}"
EndProject
Project("{9A19103F-16F7-4668-BE54-9A1E7A4F7556}") = "GruntiMaps.Tests", "GruntiMaps.Tests\GruntiMaps.Tests.csproj", "{6C653298-C155-4379-8F9D-1EE5629327A2}"
EndProject
Project("{9A19103F-16F7-4668-BE54-9A1E7A4F7556}") = "GruntiMaps.Api.DataContracts", "GruntiMaps.Api.DataContracts\GruntiMaps.Api.DataContracts.csproj", "{2653CD2F-48B6-4443-825D-782E08C0A093}"
EndProject
Project("{9A19103F-16F7-4668-BE54-9A1E7A4F7556}") = "GruntiMaps.Common", "GruntiMaps.Common\GruntiMaps.Common.csproj", "{1BF614AB-BC62-4991-8150-F4A1AE36A70D}"
EndProject
Project("{9A19103F-16F7-4668-BE54-9A1E7A4F7556}") = "GruntiMaps.Domain.Common", "GruntiMaps.Domain.Common\GruntiMaps.Domain.Common.csproj", "{31DB818F-4EB4-49F2-A1F9-6336EF70362F}"
EndProject
Project("{9A19103F-16F7-4668-BE54-9A1E7A4F7556}") = "GruntiMaps.Api.Common", "GruntiMaps.Api.Common\GruntiMaps.Api.Common.csproj", "{390AE61B-8007-45D7-BA20-186AA58609CE}"
EndProject
Project("{9A19103F-16F7-4668-BE54-9A1E7A4F7556}") = "GruntiMaps.ResourceAccess", "GruntiMaps.ResourceAccess\GruntiMaps.ResourceAccess.csproj", "{C8B6F55B-92DF-4C73-BFB9-FD0152CE2449}"
EndProject
Global
	GlobalSection(SolutionConfigurationPlatforms) = preSolution
		Debug|Any CPU = Debug|Any CPU
		Release|Any CPU = Release|Any CPU
	EndGlobalSection
	GlobalSection(ProjectConfigurationPlatforms) = postSolution
		{7E81FD12-76ED-4473-ABB3-299B17C2E06B}.Debug|Any CPU.ActiveCfg = Debug|Any CPU
		{7E81FD12-76ED-4473-ABB3-299B17C2E06B}.Debug|Any CPU.Build.0 = Debug|Any CPU
		{7E81FD12-76ED-4473-ABB3-299B17C2E06B}.Release|Any CPU.ActiveCfg = Release|Any CPU
		{7E81FD12-76ED-4473-ABB3-299B17C2E06B}.Release|Any CPU.Build.0 = Release|Any CPU
		{C75119F3-483A-47AD-91C3-4557CDA14A87}.Debug|Any CPU.ActiveCfg = Debug|Any CPU
		{C75119F3-483A-47AD-91C3-4557CDA14A87}.Debug|Any CPU.Build.0 = Debug|Any CPU
		{C75119F3-483A-47AD-91C3-4557CDA14A87}.Release|Any CPU.ActiveCfg = Release|Any CPU
		{C75119F3-483A-47AD-91C3-4557CDA14A87}.Release|Any CPU.Build.0 = Release|Any CPU
		{6C653298-C155-4379-8F9D-1EE5629327A2}.Debug|Any CPU.ActiveCfg = Debug|Any CPU
		{6C653298-C155-4379-8F9D-1EE5629327A2}.Debug|Any CPU.Build.0 = Debug|Any CPU
		{6C653298-C155-4379-8F9D-1EE5629327A2}.Release|Any CPU.ActiveCfg = Release|Any CPU
		{6C653298-C155-4379-8F9D-1EE5629327A2}.Release|Any CPU.Build.0 = Release|Any CPU
		{2653CD2F-48B6-4443-825D-782E08C0A093}.Debug|Any CPU.ActiveCfg = Debug|Any CPU
		{2653CD2F-48B6-4443-825D-782E08C0A093}.Debug|Any CPU.Build.0 = Debug|Any CPU
		{2653CD2F-48B6-4443-825D-782E08C0A093}.Release|Any CPU.ActiveCfg = Release|Any CPU
		{2653CD2F-48B6-4443-825D-782E08C0A093}.Release|Any CPU.Build.0 = Release|Any CPU
		{1BF614AB-BC62-4991-8150-F4A1AE36A70D}.Debug|Any CPU.ActiveCfg = Debug|Any CPU
		{1BF614AB-BC62-4991-8150-F4A1AE36A70D}.Debug|Any CPU.Build.0 = Debug|Any CPU
		{1BF614AB-BC62-4991-8150-F4A1AE36A70D}.Release|Any CPU.ActiveCfg = Release|Any CPU
		{1BF614AB-BC62-4991-8150-F4A1AE36A70D}.Release|Any CPU.Build.0 = Release|Any CPU
		{31DB818F-4EB4-49F2-A1F9-6336EF70362F}.Debug|Any CPU.ActiveCfg = Debug|Any CPU
		{31DB818F-4EB4-49F2-A1F9-6336EF70362F}.Debug|Any CPU.Build.0 = Debug|Any CPU
		{31DB818F-4EB4-49F2-A1F9-6336EF70362F}.Release|Any CPU.ActiveCfg = Release|Any CPU
		{31DB818F-4EB4-49F2-A1F9-6336EF70362F}.Release|Any CPU.Build.0 = Release|Any CPU
		{390AE61B-8007-45D7-BA20-186AA58609CE}.Debug|Any CPU.ActiveCfg = Debug|Any CPU
		{390AE61B-8007-45D7-BA20-186AA58609CE}.Debug|Any CPU.Build.0 = Debug|Any CPU
		{390AE61B-8007-45D7-BA20-186AA58609CE}.Release|Any CPU.ActiveCfg = Release|Any CPU
		{390AE61B-8007-45D7-BA20-186AA58609CE}.Release|Any CPU.Build.0 = Release|Any CPU
		{C8B6F55B-92DF-4C73-BFB9-FD0152CE2449}.Debug|Any CPU.ActiveCfg = Debug|Any CPU
		{C8B6F55B-92DF-4C73-BFB9-FD0152CE2449}.Debug|Any CPU.Build.0 = Debug|Any CPU
		{C8B6F55B-92DF-4C73-BFB9-FD0152CE2449}.Release|Any CPU.ActiveCfg = Release|Any CPU
		{C8B6F55B-92DF-4C73-BFB9-FD0152CE2449}.Release|Any CPU.Build.0 = Release|Any CPU
	EndGlobalSection
	GlobalSection(SolutionProperties) = preSolution
		HideSolutionNode = FALSE
	EndGlobalSection
	GlobalSection(ExtensibilityGlobals) = postSolution
		SolutionGuid = {401CB36F-7054-476E-9787-40FEA39E3355}
	EndGlobalSection
EndGlobal
