
Microsoft Visual Studio Solution File, Format Version 12.00
# Visual Studio 15
VisualStudioVersion = 15.0.28010.2046
MinimumVisualStudioVersion = 10.0.40219.1
Project("{9A19103F-16F7-4668-BE54-9A1E7A4F7556}") = "GruntiMaps.Website", "GruntiMaps.Website\GruntiMaps.Website.csproj", "{7E81FD12-76ED-4473-ABB3-299B17C2E06B}"
EndProject
Project("{9A19103F-16F7-4668-BE54-9A1E7A4F7556}") = "GruntiMaps.WebAPI", "GruntiMaps.WebAPI\GruntiMaps.WebAPI.csproj", "{C75119F3-483A-47AD-91C3-4557CDA14A87}"
EndProject
Project("{9A19103F-16F7-4668-BE54-9A1E7A4F7556}") = "GruntiMaps.Tests", "GruntiMaps.Tests\GruntiMaps.Tests.csproj", "{6C653298-C155-4379-8F9D-1EE5629327A2}"
EndProject
Global
	GlobalSection(SolutionConfigurationPlatforms) = preSolution
		Debug|Any CPU = Debug|Any CPU
		Release|Any CPU = Release|Any CPU
	EndGlobalSection
	GlobalSection(ProjectConfigurationPlatforms) = postSolution
		{7E81FD12-76ED-4473-ABB3-299B17C2E06B}.Debug|Any CPU.ActiveCfg = Debug|Any CPU
		{7E81FD12-76ED-4473-ABB3-299B17C2E06B}.Debug|Any CPU.Build.0 = Debug|Any CPU
		{7E81FD12-76ED-4473-ABB3-299B17C2E06B}.Release|Any CPU.ActiveCfg = Release|Any CPU
		{7E81FD12-76ED-4473-ABB3-299B17C2E06B}.Release|Any CPU.Build.0 = Release|Any CPU
		{C75119F3-483A-47AD-91C3-4557CDA14A87}.Debug|Any CPU.ActiveCfg = Debug|Any CPU
		{C75119F3-483A-47AD-91C3-4557CDA14A87}.Debug|Any CPU.Build.0 = Debug|Any CPU
		{C75119F3-483A-47AD-91C3-4557CDA14A87}.Release|Any CPU.ActiveCfg = Release|Any CPU
		{C75119F3-483A-47AD-91C3-4557CDA14A87}.Release|Any CPU.Build.0 = Release|Any CPU
		{6C653298-C155-4379-8F9D-1EE5629327A2}.Debug|Any CPU.ActiveCfg = Debug|Any CPU
		{6C653298-C155-4379-8F9D-1EE5629327A2}.Debug|Any CPU.Build.0 = Debug|Any CPU
		{6C653298-C155-4379-8F9D-1EE5629327A2}.Release|Any CPU.ActiveCfg = Release|Any CPU
		{6C653298-C155-4379-8F9D-1EE5629327A2}.Release|Any CPU.Build.0 = Release|Any CPU
	EndGlobalSection
	GlobalSection(SolutionProperties) = preSolution
		HideSolutionNode = FALSE
	EndGlobalSection
	GlobalSection(ExtensibilityGlobals) = postSolution
		SolutionGuid = {401CB36F-7054-476E-9787-40FEA39E3355}
	EndGlobalSection
EndGlobal
